PODS:
  - ObjectiveDropboxOfficial (2.0.6)
  - TBDropboxKit (0.1.0):
    - ObjectiveDropboxOfficial (~> 2.0)

DEPENDENCIES:
  - TBDropboxKit (from `../`)

EXTERNAL SOURCES:
  TBDropboxKit:
    :path: ../

SPEC CHECKSUMS:
  ObjectiveDropboxOfficial: 32a5160465cc2e644710a793d8a0dad16dc18768
  TBDropboxKit: ad4adea2080f95eb4bd865305a54b33eeec8f08e

PODFILE CHECKSUM: 100065672cb26d1e1a87969b808819e0797deb68

COCOAPODS: 1.1.1
