PODS:
  - CDBDelegateCollection (1.1.1)
  - CDBKit (1.1.1)
  - ObjectiveDropboxOfficial (3.0.11)
  - TBDropboxKit (1.0.15):
    - CDBDelegateCollection (~> 1.1)
    - CDBKit (~> 1.1)
    - ObjectiveDropboxOfficial (= 3.0.11)
    - TBLogger (~> 1.1)
  - TBLogger (1.1.1):
    - CDBKit (~> 1.1)

DEPENDENCIES:
  - TBDropboxKit (from `../`)

EXTERNAL SOURCES:
  TBDropboxKit:
    :path: ../

SPEC CHECKSUMS:
  CDBDelegateCollection: d3dc7666965f701bc54ed7eae591de2328a8c706
  CDBKit: eb073c45d4bffbbad99dc9f2a79effbdab890ea7
  ObjectiveDropboxOfficial: 31224dc64405b7c3fc3cecb2950b7f8a48577649
  TBDropboxKit: 5a8eb71a12a6c85f5df3d78ecc9094d2e099b18f
  TBLogger: 027f58d2db4880322fd936edf4590719602d63be

PODFILE CHECKSUM: 90e636c4efb66bce2c96b1ecf68f69afa2372e17

COCOAPODS: 1.2.1
