PODS:
  - CDBDelegateCollection (1.1.1)
  - CDBKit (1.1.1)
  - ObjectiveDropboxOfficial (3.1.2)
  - TBDropboxKit (1.1.4):
    - CDBDelegateCollection (~> 1.1)
    - CDBKit (~> 1.1)
    - ObjectiveDropboxOfficial (~> 3.1)
    - TBLogger (~> 1.1)
  - TBLogger (1.1.2):
    - CDBKit (~> 1.1)

DEPENDENCIES:
  - TBDropboxKit (from `../`)

EXTERNAL SOURCES:
  TBDropboxKit:
    :path: ../

SPEC CHECKSUMS:
  CDBDelegateCollection: d3dc7666965f701bc54ed7eae591de2328a8c706
  CDBKit: eb073c45d4bffbbad99dc9f2a79effbdab890ea7
  ObjectiveDropboxOfficial: 9a147eccd987723f6b25b6923f57a5b3fcd3f4bd
  TBDropboxKit: 51edd3a4afe4cfff76089edab5b832b2391bc609
  TBLogger: 228c8ce0f8e6acdea7e85544f1567ead2af98411

PODFILE CHECKSUM: 90e636c4efb66bce2c96b1ecf68f69afa2372e17

COCOAPODS: 1.2.1
